
Microsoft Visual Studio Solution File, Format Version 12.00
# Visual Studio Version 17
VisualStudioVersion = 17.0.31611.283
MinimumVisualStudioVersion = 10.0.40219.1
Project("{9A19103F-16F7-4668-BE54-9A1E7A4F7556}") = "mauivb", "mauivb.csproj", "{D46F91D5-0888-4939-A3D5-424A1AFB6145}"
EndProject
Project("{778DAE3C-4631-46EA-AA77-85C1314464D9}") = "mauilib", "H:\gyakubiki-vb2022\src\maui2\mauilib\mauilib.vbproj", "{08EA545B-E016-4536-8776-93109A0A7C9B}"
EndProject
Global
	GlobalSection(SolutionConfigurationPlatforms) = preSolution
		Debug|Any CPU = Debug|Any CPU
		Release|Any CPU = Release|Any CPU
	EndGlobalSection
	GlobalSection(ProjectConfigurationPlatforms) = postSolution
		{D46F91D5-0888-4939-A3D5-424A1AFB6145}.Debug|Any CPU.ActiveCfg = Debug|Any CPU
		{D46F91D5-0888-4939-A3D5-424A1AFB6145}.Debug|Any CPU.Build.0 = Debug|Any CPU
		{D46F91D5-0888-4939-A3D5-424A1AFB6145}.Debug|Any CPU.Deploy.0 = Debug|Any CPU
		{D46F91D5-0888-4939-A3D5-424A1AFB6145}.Release|Any CPU.ActiveCfg = Release|Any CPU
		{D46F91D5-0888-4939-A3D5-424A1AFB6145}.Release|Any CPU.Build.0 = Release|Any CPU
		{D46F91D5-0888-4939-A3D5-424A1AFB6145}.Release|Any CPU.Deploy.0 = Release|Any CPU
		{08EA545B-E016-4536-8776-93109A0A7C9B}.Debug|Any CPU.ActiveCfg = Debug|Any CPU
		{08EA545B-E016-4536-8776-93109A0A7C9B}.Debug|Any CPU.Build.0 = Debug|Any CPU
		{08EA545B-E016-4536-8776-93109A0A7C9B}.Release|Any CPU.ActiveCfg = Release|Any CPU
		{08EA545B-E016-4536-8776-93109A0A7C9B}.Release|Any CPU.Build.0 = Release|Any CPU
	EndGlobalSection
	GlobalSection(SolutionProperties) = preSolution
		HideSolutionNode = FALSE
	EndGlobalSection
	GlobalSection(ExtensibilityGlobals) = postSolution
		SolutionGuid = {61F7FB11-1E47-470C-91E2-47F8143E1572}
	EndGlobalSection
EndGlobal
