
Microsoft Visual Studio Solution File, Format Version 12.00
# Visual Studio Version 17
VisualStudioVersion = 17.3.32804.467
MinimumVisualStudioVersion = 10.0.40219.1
Project("{778DAE3C-4631-46EA-AA77-85C1314464D9}") = "net389", "net389.vbproj", "{B21E1CB3-CDF3-46B4-A9FA-726E79CE02E3}"
EndProject
Project("{778DAE3C-4631-46EA-AA77-85C1314464D9}") = "netserver", "H:\gyakubiki-vb2022\src\ch12\netserver\netserver.vbproj", "{CC71153C-E981-4735-87E2-9C17ABC46006}"
EndProject
Global
	GlobalSection(SolutionConfigurationPlatforms) = preSolution
		Debug|Any CPU = Debug|Any CPU
		Release|Any CPU = Release|Any CPU
	EndGlobalSection
	GlobalSection(ProjectConfigurationPlatforms) = postSolution
		{B21E1CB3-CDF3-46B4-A9FA-726E79CE02E3}.Debug|Any CPU.ActiveCfg = Debug|Any CPU
		{B21E1CB3-CDF3-46B4-A9FA-726E79CE02E3}.Debug|Any CPU.Build.0 = Debug|Any CPU
		{B21E1CB3-CDF3-46B4-A9FA-726E79CE02E3}.Release|Any CPU.ActiveCfg = Release|Any CPU
		{B21E1CB3-CDF3-46B4-A9FA-726E79CE02E3}.Release|Any CPU.Build.0 = Release|Any CPU
		{CC71153C-E981-4735-87E2-9C17ABC46006}.Debug|Any CPU.ActiveCfg = Debug|Any CPU
		{CC71153C-E981-4735-87E2-9C17ABC46006}.Debug|Any CPU.Build.0 = Debug|Any CPU
		{CC71153C-E981-4735-87E2-9C17ABC46006}.Release|Any CPU.ActiveCfg = Release|Any CPU
		{CC71153C-E981-4735-87E2-9C17ABC46006}.Release|Any CPU.Build.0 = Release|Any CPU
	EndGlobalSection
	GlobalSection(SolutionProperties) = preSolution
		HideSolutionNode = FALSE
	EndGlobalSection
	GlobalSection(ExtensibilityGlobals) = postSolution
		SolutionGuid = {8FC1E63B-2E8B-4059-819F-F08F8F47E1FE}
	EndGlobalSection
EndGlobal
