
Microsoft Visual Studio Solution File, Format Version 12.00
# Visual Studio Version 17
VisualStudioVersion = 17.2.32602.215
MinimumVisualStudioVersion = 10.0.40219.1
Project("{778DAE3C-4631-46EA-AA77-85C1314464D9}") = "proj032", "proj032.vbproj", "{4CB026CC-F6BA-46E0-B234-7AC8A8107BDD}"
EndProject
Global
	GlobalSection(SolutionConfigurationPlatforms) = preSolution
		Debug|Any CPU = Debug|Any CPU
		Release|Any CPU = Release|Any CPU
	EndGlobalSection
	GlobalSection(ProjectConfigurationPlatforms) = postSolution
		{4CB026CC-F6BA-46E0-B234-7AC8A8107BDD}.Debug|Any CPU.ActiveCfg = Debug|Any CPU
		{4CB026CC-F6BA-46E0-B234-7AC8A8107BDD}.Debug|Any CPU.Build.0 = Debug|Any CPU
		{4CB026CC-F6BA-46E0-B234-7AC8A8107BDD}.Release|Any CPU.ActiveCfg = Release|Any CPU
		{4CB026CC-F6BA-46E0-B234-7AC8A8107BDD}.Release|Any CPU.Build.0 = Release|Any CPU
	EndGlobalSection
	GlobalSection(SolutionProperties) = preSolution
		HideSolutionNode = FALSE
	EndGlobalSection
	GlobalSection(ExtensibilityGlobals) = postSolution
		SolutionGuid = {D1472E2C-99A3-45CD-80F2-B164209C7D25}
	EndGlobalSection
EndGlobal
