
Microsoft Visual Studio Solution File, Format Version 12.00
# Visual Studio Version 17
VisualStudioVersion = 17.2.32630.192
MinimumVisualStudioVersion = 10.0.40219.1
Project("{778DAE3C-4631-46EA-AA77-85C1314464D9}") = "debug275", "debug275.vbproj", "{8C5B4F59-8DDF-4887-91DE-083E2F6E6709}"
EndProject
Global
	GlobalSection(SolutionConfigurationPlatforms) = preSolution
		Debug|Any CPU = Debug|Any CPU
		Release|Any CPU = Release|Any CPU
	EndGlobalSection
	GlobalSection(ProjectConfigurationPlatforms) = postSolution
		{8C5B4F59-8DDF-4887-91DE-083E2F6E6709}.Debug|Any CPU.ActiveCfg = Debug|Any CPU
		{8C5B4F59-8DDF-4887-91DE-083E2F6E6709}.Debug|Any CPU.Build.0 = Debug|Any CPU
		{8C5B4F59-8DDF-4887-91DE-083E2F6E6709}.Release|Any CPU.ActiveCfg = Release|Any CPU
		{8C5B4F59-8DDF-4887-91DE-083E2F6E6709}.Release|Any CPU.Build.0 = Release|Any CPU
	EndGlobalSection
	GlobalSection(SolutionProperties) = preSolution
		HideSolutionNode = FALSE
	EndGlobalSection
	GlobalSection(ExtensibilityGlobals) = postSolution
		SolutionGuid = {71DEAA2C-7D18-4F9D-9D79-F179A107AE24}
	EndGlobalSection
EndGlobal
