
Microsoft Visual Studio Solution File, Format Version 12.00
# Visual Studio Version 17
VisualStudioVersion = 17.3.32929.385
MinimumVisualStudioVersion = 10.0.40219.1
Project("{F184B08F-C81C-45F6-A57F-5ABD9991F28F}") = "excel483", "excel483.vbproj", "{576B1265-EF0D-497B-B37F-91CDD0C8032F}"
EndProject
Global
	GlobalSection(SolutionConfigurationPlatforms) = preSolution
		Debug|Any CPU = Debug|Any CPU
		Release|Any CPU = Release|Any CPU
	EndGlobalSection
	GlobalSection(ProjectConfigurationPlatforms) = postSolution
		{576B1265-EF0D-497B-B37F-91CDD0C8032F}.Debug|Any CPU.ActiveCfg = Debug|Any CPU
		{576B1265-EF0D-497B-B37F-91CDD0C8032F}.Debug|Any CPU.Build.0 = Debug|Any CPU
		{576B1265-EF0D-497B-B37F-91CDD0C8032F}.Release|Any CPU.ActiveCfg = Release|Any CPU
		{576B1265-EF0D-497B-B37F-91CDD0C8032F}.Release|Any CPU.Build.0 = Release|Any CPU
	EndGlobalSection
	GlobalSection(SolutionProperties) = preSolution
		HideSolutionNode = FALSE
	EndGlobalSection
	GlobalSection(ExtensibilityGlobals) = postSolution
		SolutionGuid = {42C76FE1-3F29-4615-8217-5D14506C9946}
	EndGlobalSection
EndGlobal
