
Microsoft Visual Studio Solution File, Format Version 12.00
# Visual Studio Version 17
VisualStudioVersion = 17.3.32804.467
MinimumVisualStudioVersion = 10.0.40219.1
Project("{778DAE3C-4631-46EA-AA77-85C1314464D9}") = "db357", "db357.vbproj", "{652EA159-E3D1-4646-9EF7-4B5358E3E9AD}"
EndProject
Global
	GlobalSection(SolutionConfigurationPlatforms) = preSolution
		Debug|Any CPU = Debug|Any CPU
		Release|Any CPU = Release|Any CPU
	EndGlobalSection
	GlobalSection(ProjectConfigurationPlatforms) = postSolution
		{652EA159-E3D1-4646-9EF7-4B5358E3E9AD}.Debug|Any CPU.ActiveCfg = Debug|Any CPU
		{652EA159-E3D1-4646-9EF7-4B5358E3E9AD}.Debug|Any CPU.Build.0 = Debug|Any CPU
		{652EA159-E3D1-4646-9EF7-4B5358E3E9AD}.Release|Any CPU.ActiveCfg = Release|Any CPU
		{652EA159-E3D1-4646-9EF7-4B5358E3E9AD}.Release|Any CPU.Build.0 = Release|Any CPU
	EndGlobalSection
	GlobalSection(SolutionProperties) = preSolution
		HideSolutionNode = FALSE
	EndGlobalSection
	GlobalSection(ExtensibilityGlobals) = postSolution
		SolutionGuid = {D352DA80-6F6F-48AB-8962-568972564C22}
	EndGlobalSection
EndGlobal
