
Microsoft Visual Studio Solution File, Format Version 12.00
# Visual Studio Version 17
VisualStudioVersion = 17.2.32602.215
MinimumVisualStudioVersion = 10.0.40219.1
Project("{778DAE3C-4631-46EA-AA77-85C1314464D9}") = "string209", "string209.vbproj", "{44E1D7F6-6B7F-406E-82D8-51C9AB744C80}"
EndProject
Global
	GlobalSection(SolutionConfigurationPlatforms) = preSolution
		Debug|Any CPU = Debug|Any CPU
		Release|Any CPU = Release|Any CPU
	EndGlobalSection
	GlobalSection(ProjectConfigurationPlatforms) = postSolution
		{44E1D7F6-6B7F-406E-82D8-51C9AB744C80}.Debug|Any CPU.ActiveCfg = Debug|Any CPU
		{44E1D7F6-6B7F-406E-82D8-51C9AB744C80}.Debug|Any CPU.Build.0 = Debug|Any CPU
		{44E1D7F6-6B7F-406E-82D8-51C9AB744C80}.Release|Any CPU.ActiveCfg = Release|Any CPU
		{44E1D7F6-6B7F-406E-82D8-51C9AB744C80}.Release|Any CPU.Build.0 = Release|Any CPU
	EndGlobalSection
	GlobalSection(SolutionProperties) = preSolution
		HideSolutionNode = FALSE
	EndGlobalSection
	GlobalSection(ExtensibilityGlobals) = postSolution
		SolutionGuid = {E94C6826-3538-4BE5-94BC-DC256ECDF514}
	EndGlobalSection
EndGlobal
