
Microsoft Visual Studio Solution File, Format Version 12.00
# Visual Studio Version 17
VisualStudioVersion = 17.2.32602.215
MinimumVisualStudioVersion = 10.0.40219.1
Project("{778DAE3C-4631-46EA-AA77-85C1314464D9}") = "pg164", "pg164.vbproj", "{7150A994-A6B4-47EA-A538-2A88AE9C2DCB}"
EndProject
Global
	GlobalSection(SolutionConfigurationPlatforms) = preSolution
		Debug|Any CPU = Debug|Any CPU
		Release|Any CPU = Release|Any CPU
	EndGlobalSection
	GlobalSection(ProjectConfigurationPlatforms) = postSolution
		{7150A994-A6B4-47EA-A538-2A88AE9C2DCB}.Debug|Any CPU.ActiveCfg = Debug|Any CPU
		{7150A994-A6B4-47EA-A538-2A88AE9C2DCB}.Debug|Any CPU.Build.0 = Debug|Any CPU
		{7150A994-A6B4-47EA-A538-2A88AE9C2DCB}.Release|Any CPU.ActiveCfg = Release|Any CPU
		{7150A994-A6B4-47EA-A538-2A88AE9C2DCB}.Release|Any CPU.Build.0 = Release|Any CPU
	EndGlobalSection
	GlobalSection(SolutionProperties) = preSolution
		HideSolutionNode = FALSE
	EndGlobalSection
	GlobalSection(ExtensibilityGlobals) = postSolution
		SolutionGuid = {1905C036-067D-4245-A9F6-624FBA892E68}
	EndGlobalSection
EndGlobal
