
Microsoft Visual Studio Solution File, Format Version 12.00
# Visual Studio Version 17
VisualStudioVersion = 17.3.32804.467
MinimumVisualStudioVersion = 10.0.40219.1
Project("{778DAE3C-4631-46EA-AA77-85C1314464D9}") = "db361", "db361.vbproj", "{32112C1D-7FC6-4A6A-B474-11D88CE0E630}"
EndProject
Global
	GlobalSection(SolutionConfigurationPlatforms) = preSolution
		Debug|Any CPU = Debug|Any CPU
		Release|Any CPU = Release|Any CPU
	EndGlobalSection
	GlobalSection(ProjectConfigurationPlatforms) = postSolution
		{32112C1D-7FC6-4A6A-B474-11D88CE0E630}.Debug|Any CPU.ActiveCfg = Debug|Any CPU
		{32112C1D-7FC6-4A6A-B474-11D88CE0E630}.Debug|Any CPU.Build.0 = Debug|Any CPU
		{32112C1D-7FC6-4A6A-B474-11D88CE0E630}.Release|Any CPU.ActiveCfg = Release|Any CPU
		{32112C1D-7FC6-4A6A-B474-11D88CE0E630}.Release|Any CPU.Build.0 = Release|Any CPU
	EndGlobalSection
	GlobalSection(SolutionProperties) = preSolution
		HideSolutionNode = FALSE
	EndGlobalSection
	GlobalSection(ExtensibilityGlobals) = postSolution
		SolutionGuid = {6EE42CDA-7919-4926-BF91-FCAC96D211C5}
	EndGlobalSection
EndGlobal
