
Microsoft Visual Studio Solution File, Format Version 12.00
# Visual Studio Version 17
VisualStudioVersion = 17.2.32602.215
MinimumVisualStudioVersion = 10.0.40219.1
Project("{778DAE3C-4631-46EA-AA77-85C1314464D9}") = "proj031", "proj031.vbproj", "{FF2D0BE7-75C5-4864-A156-B0492C919881}"
EndProject
Global
	GlobalSection(SolutionConfigurationPlatforms) = preSolution
		Debug|Any CPU = Debug|Any CPU
		Release|Any CPU = Release|Any CPU
	EndGlobalSection
	GlobalSection(ProjectConfigurationPlatforms) = postSolution
		{FF2D0BE7-75C5-4864-A156-B0492C919881}.Debug|Any CPU.ActiveCfg = Debug|Any CPU
		{FF2D0BE7-75C5-4864-A156-B0492C919881}.Debug|Any CPU.Build.0 = Debug|Any CPU
		{FF2D0BE7-75C5-4864-A156-B0492C919881}.Release|Any CPU.ActiveCfg = Release|Any CPU
		{FF2D0BE7-75C5-4864-A156-B0492C919881}.Release|Any CPU.Build.0 = Release|Any CPU
	EndGlobalSection
	GlobalSection(SolutionProperties) = preSolution
		HideSolutionNode = FALSE
	EndGlobalSection
	GlobalSection(ExtensibilityGlobals) = postSolution
		SolutionGuid = {9E3C81BF-003E-4592-BD1E-D342E6F30D52}
	EndGlobalSection
EndGlobal
