
Microsoft Visual Studio Solution File, Format Version 12.00
# Visual Studio Version 17
VisualStudioVersion = 17.2.32602.215
MinimumVisualStudioVersion = 10.0.40219.1
Project("{778DAE3C-4631-46EA-AA77-85C1314464D9}") = "ui082", "ui082.vbproj", "{3B37AF20-01EF-4F03-A77D-7BAD8F2B3430}"
EndProject
Global
	GlobalSection(SolutionConfigurationPlatforms) = preSolution
		Debug|Any CPU = Debug|Any CPU
		Release|Any CPU = Release|Any CPU
	EndGlobalSection
	GlobalSection(ProjectConfigurationPlatforms) = postSolution
		{3B37AF20-01EF-4F03-A77D-7BAD8F2B3430}.Debug|Any CPU.ActiveCfg = Debug|Any CPU
		{3B37AF20-01EF-4F03-A77D-7BAD8F2B3430}.Debug|Any CPU.Build.0 = Debug|Any CPU
		{3B37AF20-01EF-4F03-A77D-7BAD8F2B3430}.Release|Any CPU.ActiveCfg = Release|Any CPU
		{3B37AF20-01EF-4F03-A77D-7BAD8F2B3430}.Release|Any CPU.Build.0 = Release|Any CPU
	EndGlobalSection
	GlobalSection(SolutionProperties) = preSolution
		HideSolutionNode = FALSE
	EndGlobalSection
	GlobalSection(ExtensibilityGlobals) = postSolution
		SolutionGuid = {811146BA-30FA-49C8-A6F7-D1B527D3DEB3}
	EndGlobalSection
EndGlobal
