
Microsoft Visual Studio Solution File, Format Version 12.00
# Visual Studio Version 17
VisualStudioVersion = 17.3.32929.385
MinimumVisualStudioVersion = 10.0.40219.1
Project("{F184B08F-C81C-45F6-A57F-5ABD9991F28F}") = "excel492", "excel492.vbproj", "{D90400E7-DC4D-4039-B899-BBFECF82C748}"
EndProject
Global
	GlobalSection(SolutionConfigurationPlatforms) = preSolution
		Debug|Any CPU = Debug|Any CPU
		Release|Any CPU = Release|Any CPU
	EndGlobalSection
	GlobalSection(ProjectConfigurationPlatforms) = postSolution
		{D90400E7-DC4D-4039-B899-BBFECF82C748}.Debug|Any CPU.ActiveCfg = Debug|Any CPU
		{D90400E7-DC4D-4039-B899-BBFECF82C748}.Debug|Any CPU.Build.0 = Debug|Any CPU
		{D90400E7-DC4D-4039-B899-BBFECF82C748}.Release|Any CPU.ActiveCfg = Release|Any CPU
		{D90400E7-DC4D-4039-B899-BBFECF82C748}.Release|Any CPU.Build.0 = Release|Any CPU
	EndGlobalSection
	GlobalSection(SolutionProperties) = preSolution
		HideSolutionNode = FALSE
	EndGlobalSection
	GlobalSection(ExtensibilityGlobals) = postSolution
		SolutionGuid = {88633CCB-1228-4518-8EF5-45448F26E942}
	EndGlobalSection
EndGlobal
