
Microsoft Visual Studio Solution File, Format Version 12.00
# Visual Studio Version 17
VisualStudioVersion = 17.3.32929.385
MinimumVisualStudioVersion = 10.0.40219.1
Project("{F184B08F-C81C-45F6-A57F-5ABD9991F28F}") = "excel499", "excel499.vbproj", "{088BD6A2-7C4B-4F63-B010-5A82079A8A4E}"
EndProject
Global
	GlobalSection(SolutionConfigurationPlatforms) = preSolution
		Debug|Any CPU = Debug|Any CPU
		Release|Any CPU = Release|Any CPU
	EndGlobalSection
	GlobalSection(ProjectConfigurationPlatforms) = postSolution
		{088BD6A2-7C4B-4F63-B010-5A82079A8A4E}.Debug|Any CPU.ActiveCfg = Debug|Any CPU
		{088BD6A2-7C4B-4F63-B010-5A82079A8A4E}.Debug|Any CPU.Build.0 = Debug|Any CPU
		{088BD6A2-7C4B-4F63-B010-5A82079A8A4E}.Release|Any CPU.ActiveCfg = Release|Any CPU
		{088BD6A2-7C4B-4F63-B010-5A82079A8A4E}.Release|Any CPU.Build.0 = Release|Any CPU
	EndGlobalSection
	GlobalSection(SolutionProperties) = preSolution
		HideSolutionNode = FALSE
	EndGlobalSection
	GlobalSection(ExtensibilityGlobals) = postSolution
		SolutionGuid = {6AD91528-DD22-48A8-8623-9CA06A531FA2}
	EndGlobalSection
EndGlobal
