
Microsoft Visual Studio Solution File, Format Version 12.00
# Visual Studio Version 17
VisualStudioVersion = 17.2.32602.215
MinimumVisualStudioVersion = 10.0.40219.1
Project("{778DAE3C-4631-46EA-AA77-85C1314464D9}") = "ui085", "ui085.vbproj", "{F99D6FD7-E711-49A2-9244-1082A77084A7}"
EndProject
Global
	GlobalSection(SolutionConfigurationPlatforms) = preSolution
		Debug|Any CPU = Debug|Any CPU
		Release|Any CPU = Release|Any CPU
	EndGlobalSection
	GlobalSection(ProjectConfigurationPlatforms) = postSolution
		{F99D6FD7-E711-49A2-9244-1082A77084A7}.Debug|Any CPU.ActiveCfg = Debug|Any CPU
		{F99D6FD7-E711-49A2-9244-1082A77084A7}.Debug|Any CPU.Build.0 = Debug|Any CPU
		{F99D6FD7-E711-49A2-9244-1082A77084A7}.Release|Any CPU.ActiveCfg = Release|Any CPU
		{F99D6FD7-E711-49A2-9244-1082A77084A7}.Release|Any CPU.Build.0 = Release|Any CPU
	EndGlobalSection
	GlobalSection(SolutionProperties) = preSolution
		HideSolutionNode = FALSE
	EndGlobalSection
	GlobalSection(ExtensibilityGlobals) = postSolution
		SolutionGuid = {390EE5C3-4DED-4397-A150-2A7F2346D655}
	EndGlobalSection
EndGlobal
