
Microsoft Visual Studio Solution File, Format Version 12.00
# Visual Studio Version 17
VisualStudioVersion = 17.0.31611.283
MinimumVisualStudioVersion = 10.0.40219.1
Project("{9A19103F-16F7-4668-BE54-9A1E7A4F7556}") = "maui480", "maui480\maui480.csproj", "{95A62BD8-F05D-4599-B2C1-2385F614BE41}"
EndProject
Project("{F184B08F-C81C-45F6-A57F-5ABD9991F28F}") = "MauiLib", "MauiLib\MauiLib.vbproj", "{853B32DA-5BF3-456A-85B6-7BB4B67D77E1}"
EndProject
Global
	GlobalSection(SolutionConfigurationPlatforms) = preSolution
		Debug|Any CPU = Debug|Any CPU
		Release|Any CPU = Release|Any CPU
	EndGlobalSection
	GlobalSection(ProjectConfigurationPlatforms) = postSolution
		{95A62BD8-F05D-4599-B2C1-2385F614BE41}.Debug|Any CPU.ActiveCfg = Debug|Any CPU
		{95A62BD8-F05D-4599-B2C1-2385F614BE41}.Debug|Any CPU.Build.0 = Debug|Any CPU
		{95A62BD8-F05D-4599-B2C1-2385F614BE41}.Debug|Any CPU.Deploy.0 = Debug|Any CPU
		{95A62BD8-F05D-4599-B2C1-2385F614BE41}.Release|Any CPU.ActiveCfg = Release|Any CPU
		{95A62BD8-F05D-4599-B2C1-2385F614BE41}.Release|Any CPU.Build.0 = Release|Any CPU
		{95A62BD8-F05D-4599-B2C1-2385F614BE41}.Release|Any CPU.Deploy.0 = Release|Any CPU
		{853B32DA-5BF3-456A-85B6-7BB4B67D77E1}.Debug|Any CPU.ActiveCfg = Debug|Any CPU
		{853B32DA-5BF3-456A-85B6-7BB4B67D77E1}.Debug|Any CPU.Build.0 = Debug|Any CPU
		{853B32DA-5BF3-456A-85B6-7BB4B67D77E1}.Release|Any CPU.ActiveCfg = Release|Any CPU
		{853B32DA-5BF3-456A-85B6-7BB4B67D77E1}.Release|Any CPU.Build.0 = Release|Any CPU
	EndGlobalSection
	GlobalSection(SolutionProperties) = preSolution
		HideSolutionNode = FALSE
	EndGlobalSection
	GlobalSection(ExtensibilityGlobals) = postSolution
		SolutionGuid = {61F7FB11-1E47-470C-91E2-47F8143E1572}
	EndGlobalSection
EndGlobal
