
Microsoft Visual Studio Solution File, Format Version 12.00
# Visual Studio Version 17
VisualStudioVersion = 17.2.32602.215
MinimumVisualStudioVersion = 10.0.40219.1
Project("{778DAE3C-4631-46EA-AA77-85C1314464D9}") = "ui053", "ui053.vbproj", "{398EBE3A-2628-452D-BF93-D15CE4E20265}"
EndProject
Global
	GlobalSection(SolutionConfigurationPlatforms) = preSolution
		Debug|Any CPU = Debug|Any CPU
		Release|Any CPU = Release|Any CPU
	EndGlobalSection
	GlobalSection(ProjectConfigurationPlatforms) = postSolution
		{398EBE3A-2628-452D-BF93-D15CE4E20265}.Debug|Any CPU.ActiveCfg = Debug|Any CPU
		{398EBE3A-2628-452D-BF93-D15CE4E20265}.Debug|Any CPU.Build.0 = Debug|Any CPU
		{398EBE3A-2628-452D-BF93-D15CE4E20265}.Release|Any CPU.ActiveCfg = Release|Any CPU
		{398EBE3A-2628-452D-BF93-D15CE4E20265}.Release|Any CPU.Build.0 = Release|Any CPU
	EndGlobalSection
	GlobalSection(SolutionProperties) = preSolution
		HideSolutionNode = FALSE
	EndGlobalSection
	GlobalSection(ExtensibilityGlobals) = postSolution
		SolutionGuid = {DC89241F-2A2E-4E80-B7BB-3B0B6A6E7DB7}
	EndGlobalSection
EndGlobal
