
Microsoft Visual Studio Solution File, Format Version 12.00
# Visual Studio Version 17
VisualStudioVersion = 17.3.32804.467
MinimumVisualStudioVersion = 10.0.40219.1
Project("{778DAE3C-4631-46EA-AA77-85C1314464D9}") = "db346", "db346.vbproj", "{5E73E37B-1B70-4AC8-BA2A-D5B3A09CC2BE}"
EndProject
Global
	GlobalSection(SolutionConfigurationPlatforms) = preSolution
		Debug|Any CPU = Debug|Any CPU
		Release|Any CPU = Release|Any CPU
	EndGlobalSection
	GlobalSection(ProjectConfigurationPlatforms) = postSolution
		{5E73E37B-1B70-4AC8-BA2A-D5B3A09CC2BE}.Debug|Any CPU.ActiveCfg = Debug|Any CPU
		{5E73E37B-1B70-4AC8-BA2A-D5B3A09CC2BE}.Debug|Any CPU.Build.0 = Debug|Any CPU
		{5E73E37B-1B70-4AC8-BA2A-D5B3A09CC2BE}.Release|Any CPU.ActiveCfg = Release|Any CPU
		{5E73E37B-1B70-4AC8-BA2A-D5B3A09CC2BE}.Release|Any CPU.Build.0 = Release|Any CPU
	EndGlobalSection
	GlobalSection(SolutionProperties) = preSolution
		HideSolutionNode = FALSE
	EndGlobalSection
	GlobalSection(ExtensibilityGlobals) = postSolution
		SolutionGuid = {F32B56AB-7E45-40EA-9CFB-C4708F189F21}
	EndGlobalSection
EndGlobal
