
Microsoft Visual Studio Solution File, Format Version 12.00
# Visual Studio Version 17
VisualStudioVersion = 17.3.32804.467
MinimumVisualStudioVersion = 10.0.40219.1
Project("{778DAE3C-4631-46EA-AA77-85C1314464D9}") = "wpf319", "wpf319.vbproj", "{F83C0544-CEB9-42BF-BCE8-204CE073323C}"
EndProject
Global
	GlobalSection(SolutionConfigurationPlatforms) = preSolution
		Debug|Any CPU = Debug|Any CPU
		Release|Any CPU = Release|Any CPU
	EndGlobalSection
	GlobalSection(ProjectConfigurationPlatforms) = postSolution
		{F83C0544-CEB9-42BF-BCE8-204CE073323C}.Debug|Any CPU.ActiveCfg = Debug|Any CPU
		{F83C0544-CEB9-42BF-BCE8-204CE073323C}.Debug|Any CPU.Build.0 = Debug|Any CPU
		{F83C0544-CEB9-42BF-BCE8-204CE073323C}.Release|Any CPU.ActiveCfg = Release|Any CPU
		{F83C0544-CEB9-42BF-BCE8-204CE073323C}.Release|Any CPU.Build.0 = Release|Any CPU
	EndGlobalSection
	GlobalSection(SolutionProperties) = preSolution
		HideSolutionNode = FALSE
	EndGlobalSection
	GlobalSection(ExtensibilityGlobals) = postSolution
		SolutionGuid = {F2F22757-FA52-430C-A8AA-C9C821414CFA}
	EndGlobalSection
EndGlobal
