
Microsoft Visual Studio Solution File, Format Version 12.00
# Visual Studio Version 17
VisualStudioVersion = 17.3.32922.545
MinimumVisualStudioVersion = 10.0.40219.1
Project("{778DAE3C-4631-46EA-AA77-85C1314464D9}") = "graph284", "graph284.vbproj", "{99BDBB0C-87DF-4B6A-A172-69373BAA9EFC}"
EndProject
Global
	GlobalSection(SolutionConfigurationPlatforms) = preSolution
		Debug|Any CPU = Debug|Any CPU
		Release|Any CPU = Release|Any CPU
	EndGlobalSection
	GlobalSection(ProjectConfigurationPlatforms) = postSolution
		{99BDBB0C-87DF-4B6A-A172-69373BAA9EFC}.Debug|Any CPU.ActiveCfg = Debug|Any CPU
		{99BDBB0C-87DF-4B6A-A172-69373BAA9EFC}.Debug|Any CPU.Build.0 = Debug|Any CPU
		{99BDBB0C-87DF-4B6A-A172-69373BAA9EFC}.Release|Any CPU.ActiveCfg = Release|Any CPU
		{99BDBB0C-87DF-4B6A-A172-69373BAA9EFC}.Release|Any CPU.Build.0 = Release|Any CPU
	EndGlobalSection
	GlobalSection(SolutionProperties) = preSolution
		HideSolutionNode = FALSE
	EndGlobalSection
	GlobalSection(ExtensibilityGlobals) = postSolution
		SolutionGuid = {852E42B5-20E0-455C-BF0B-394272B6E9B2}
	EndGlobalSection
EndGlobal
