
Microsoft Visual Studio Solution File, Format Version 12.00
# Visual Studio Version 17
VisualStudioVersion = 17.2.32602.215
MinimumVisualStudioVersion = 10.0.40219.1
Project("{778DAE3C-4631-46EA-AA77-85C1314464D9}") = "pg183", "pg183.vbproj", "{36AC0FF9-1A03-4995-AB0E-2FC6EF6C6657}"
EndProject
Global
	GlobalSection(SolutionConfigurationPlatforms) = preSolution
		Debug|Any CPU = Debug|Any CPU
		Release|Any CPU = Release|Any CPU
	EndGlobalSection
	GlobalSection(ProjectConfigurationPlatforms) = postSolution
		{36AC0FF9-1A03-4995-AB0E-2FC6EF6C6657}.Debug|Any CPU.ActiveCfg = Debug|Any CPU
		{36AC0FF9-1A03-4995-AB0E-2FC6EF6C6657}.Debug|Any CPU.Build.0 = Debug|Any CPU
		{36AC0FF9-1A03-4995-AB0E-2FC6EF6C6657}.Release|Any CPU.ActiveCfg = Release|Any CPU
		{36AC0FF9-1A03-4995-AB0E-2FC6EF6C6657}.Release|Any CPU.Build.0 = Release|Any CPU
	EndGlobalSection
	GlobalSection(SolutionProperties) = preSolution
		HideSolutionNode = FALSE
	EndGlobalSection
	GlobalSection(ExtensibilityGlobals) = postSolution
		SolutionGuid = {649302D2-5E44-40E5-ABBC-18C1B9A0D927}
	EndGlobalSection
EndGlobal
