
Microsoft Visual Studio Solution File, Format Version 12.00
# Visual Studio Version 17
VisualStudioVersion = 17.2.32602.215
MinimumVisualStudioVersion = 10.0.40219.1
Project("{778DAE3C-4631-46EA-AA77-85C1314464D9}") = "pg104", "pg104.vbproj", "{DFE7C798-A367-457C-BA52-032E7FE5FE44}"
EndProject
Global
	GlobalSection(SolutionConfigurationPlatforms) = preSolution
		Debug|Any CPU = Debug|Any CPU
		Release|Any CPU = Release|Any CPU
	EndGlobalSection
	GlobalSection(ProjectConfigurationPlatforms) = postSolution
		{DFE7C798-A367-457C-BA52-032E7FE5FE44}.Debug|Any CPU.ActiveCfg = Debug|Any CPU
		{DFE7C798-A367-457C-BA52-032E7FE5FE44}.Debug|Any CPU.Build.0 = Debug|Any CPU
		{DFE7C798-A367-457C-BA52-032E7FE5FE44}.Release|Any CPU.ActiveCfg = Release|Any CPU
		{DFE7C798-A367-457C-BA52-032E7FE5FE44}.Release|Any CPU.Build.0 = Release|Any CPU
	EndGlobalSection
	GlobalSection(SolutionProperties) = preSolution
		HideSolutionNode = FALSE
	EndGlobalSection
	GlobalSection(ExtensibilityGlobals) = postSolution
		SolutionGuid = {162BA5A0-02DC-4D82-9A54-BA4EB087C542}
	EndGlobalSection
EndGlobal
