
Microsoft Visual Studio Solution File, Format Version 12.00
# Visual Studio Version 17
VisualStudioVersion = 17.3.32929.385
MinimumVisualStudioVersion = 10.0.40219.1
Project("{F184B08F-C81C-45F6-A57F-5ABD9991F28F}") = "excel498", "excel498.vbproj", "{9A7C82E5-6320-4513-B9B3-77850478580C}"
EndProject
Global
	GlobalSection(SolutionConfigurationPlatforms) = preSolution
		Debug|Any CPU = Debug|Any CPU
		Release|Any CPU = Release|Any CPU
	EndGlobalSection
	GlobalSection(ProjectConfigurationPlatforms) = postSolution
		{9A7C82E5-6320-4513-B9B3-77850478580C}.Debug|Any CPU.ActiveCfg = Debug|Any CPU
		{9A7C82E5-6320-4513-B9B3-77850478580C}.Debug|Any CPU.Build.0 = Debug|Any CPU
		{9A7C82E5-6320-4513-B9B3-77850478580C}.Release|Any CPU.ActiveCfg = Release|Any CPU
		{9A7C82E5-6320-4513-B9B3-77850478580C}.Release|Any CPU.Build.0 = Release|Any CPU
	EndGlobalSection
	GlobalSection(SolutionProperties) = preSolution
		HideSolutionNode = FALSE
	EndGlobalSection
	GlobalSection(ExtensibilityGlobals) = postSolution
		SolutionGuid = {1B9F85D2-8AAA-45A1-942F-852DCFD2A498}
	EndGlobalSection
EndGlobal
