
Microsoft Visual Studio Solution File, Format Version 12.00
# Visual Studio Version 17
VisualStudioVersion = 17.2.32602.215
MinimumVisualStudioVersion = 10.0.40219.1
Project("{778DAE3C-4631-46EA-AA77-85C1314464D9}") = "pg158", "pg158.vbproj", "{592BD4E2-2AA8-4F26-989D-6BE5056E8253}"
EndProject
Global
	GlobalSection(SolutionConfigurationPlatforms) = preSolution
		Debug|Any CPU = Debug|Any CPU
		Release|Any CPU = Release|Any CPU
	EndGlobalSection
	GlobalSection(ProjectConfigurationPlatforms) = postSolution
		{592BD4E2-2AA8-4F26-989D-6BE5056E8253}.Debug|Any CPU.ActiveCfg = Debug|Any CPU
		{592BD4E2-2AA8-4F26-989D-6BE5056E8253}.Debug|Any CPU.Build.0 = Debug|Any CPU
		{592BD4E2-2AA8-4F26-989D-6BE5056E8253}.Release|Any CPU.ActiveCfg = Release|Any CPU
		{592BD4E2-2AA8-4F26-989D-6BE5056E8253}.Release|Any CPU.Build.0 = Release|Any CPU
	EndGlobalSection
	GlobalSection(SolutionProperties) = preSolution
		HideSolutionNode = FALSE
	EndGlobalSection
	GlobalSection(ExtensibilityGlobals) = postSolution
		SolutionGuid = {40B8925A-2AFB-4717-9FA5-5C7AD3B64CA4}
	EndGlobalSection
EndGlobal
