
Microsoft Visual Studio Solution File, Format Version 12.00
# Visual Studio Version 17
VisualStudioVersion = 17.2.32602.215
MinimumVisualStudioVersion = 10.0.40219.1
Project("{778DAE3C-4631-46EA-AA77-85C1314464D9}") = "ui049", "ui049.vbproj", "{C68D1235-8BB0-4D74-98B6-13413D73A0ED}"
EndProject
Global
	GlobalSection(SolutionConfigurationPlatforms) = preSolution
		Debug|Any CPU = Debug|Any CPU
		Release|Any CPU = Release|Any CPU
	EndGlobalSection
	GlobalSection(ProjectConfigurationPlatforms) = postSolution
		{C68D1235-8BB0-4D74-98B6-13413D73A0ED}.Debug|Any CPU.ActiveCfg = Debug|Any CPU
		{C68D1235-8BB0-4D74-98B6-13413D73A0ED}.Debug|Any CPU.Build.0 = Debug|Any CPU
		{C68D1235-8BB0-4D74-98B6-13413D73A0ED}.Release|Any CPU.ActiveCfg = Release|Any CPU
		{C68D1235-8BB0-4D74-98B6-13413D73A0ED}.Release|Any CPU.Build.0 = Release|Any CPU
	EndGlobalSection
	GlobalSection(SolutionProperties) = preSolution
		HideSolutionNode = FALSE
	EndGlobalSection
	GlobalSection(ExtensibilityGlobals) = postSolution
		SolutionGuid = {BC4C50D1-2C10-4C60-88A6-42D8850E1A1F}
	EndGlobalSection
EndGlobal
