
Microsoft Visual Studio Solution File, Format Version 12.00
# Visual Studio Version 17
VisualStudioVersion = 17.2.32602.215
MinimumVisualStudioVersion = 10.0.40219.1
Project("{778DAE3C-4631-46EA-AA77-85C1314464D9}") = "pg140", "pg140.vbproj", "{0C188B83-836F-44B0-A359-7D46F210D052}"
EndProject
Global
	GlobalSection(SolutionConfigurationPlatforms) = preSolution
		Debug|Any CPU = Debug|Any CPU
		Release|Any CPU = Release|Any CPU
	EndGlobalSection
	GlobalSection(ProjectConfigurationPlatforms) = postSolution
		{0C188B83-836F-44B0-A359-7D46F210D052}.Debug|Any CPU.ActiveCfg = Debug|Any CPU
		{0C188B83-836F-44B0-A359-7D46F210D052}.Debug|Any CPU.Build.0 = Debug|Any CPU
		{0C188B83-836F-44B0-A359-7D46F210D052}.Release|Any CPU.ActiveCfg = Release|Any CPU
		{0C188B83-836F-44B0-A359-7D46F210D052}.Release|Any CPU.Build.0 = Release|Any CPU
	EndGlobalSection
	GlobalSection(SolutionProperties) = preSolution
		HideSolutionNode = FALSE
	EndGlobalSection
	GlobalSection(ExtensibilityGlobals) = postSolution
		SolutionGuid = {30416BE9-69BA-4793-B844-4AF779B10649}
	EndGlobalSection
EndGlobal
