
Microsoft Visual Studio Solution File, Format Version 12.00
# Visual Studio Version 17
VisualStudioVersion = 17.3.32819.101
MinimumVisualStudioVersion = 10.0.40219.1
Project("{F184B08F-C81C-45F6-A57F-5ABD9991F28F}") = "web417", "web417.vbproj", "{8EB8B5E9-4D24-4255-BED7-4ACEFE7E3B26}"
EndProject
Global
	GlobalSection(SolutionConfigurationPlatforms) = preSolution
		Debug|Any CPU = Debug|Any CPU
		Release|Any CPU = Release|Any CPU
	EndGlobalSection
	GlobalSection(ProjectConfigurationPlatforms) = postSolution
		{8EB8B5E9-4D24-4255-BED7-4ACEFE7E3B26}.Debug|Any CPU.ActiveCfg = Debug|Any CPU
		{8EB8B5E9-4D24-4255-BED7-4ACEFE7E3B26}.Debug|Any CPU.Build.0 = Debug|Any CPU
		{8EB8B5E9-4D24-4255-BED7-4ACEFE7E3B26}.Release|Any CPU.ActiveCfg = Release|Any CPU
		{8EB8B5E9-4D24-4255-BED7-4ACEFE7E3B26}.Release|Any CPU.Build.0 = Release|Any CPU
	EndGlobalSection
	GlobalSection(SolutionProperties) = preSolution
		HideSolutionNode = FALSE
	EndGlobalSection
	GlobalSection(ExtensibilityGlobals) = postSolution
		SolutionGuid = {F89574D3-4508-4674-828B-AFCC8EEEA7F3}
	EndGlobalSection
EndGlobal
