
Microsoft Visual Studio Solution File, Format Version 12.00
# Visual Studio Version 17
VisualStudioVersion = 17.3.32819.101
MinimumVisualStudioVersion = 10.0.40219.1
Project("{F184B08F-C81C-45F6-A57F-5ABD9991F28F}") = "web409", "web409.vbproj", "{61312D60-74D1-4D3B-B603-66B5B5EFEB4D}"
EndProject
Global
	GlobalSection(SolutionConfigurationPlatforms) = preSolution
		Debug|Any CPU = Debug|Any CPU
		Release|Any CPU = Release|Any CPU
	EndGlobalSection
	GlobalSection(ProjectConfigurationPlatforms) = postSolution
		{61312D60-74D1-4D3B-B603-66B5B5EFEB4D}.Debug|Any CPU.ActiveCfg = Debug|Any CPU
		{61312D60-74D1-4D3B-B603-66B5B5EFEB4D}.Debug|Any CPU.Build.0 = Debug|Any CPU
		{61312D60-74D1-4D3B-B603-66B5B5EFEB4D}.Release|Any CPU.ActiveCfg = Release|Any CPU
		{61312D60-74D1-4D3B-B603-66B5B5EFEB4D}.Release|Any CPU.Build.0 = Release|Any CPU
	EndGlobalSection
	GlobalSection(SolutionProperties) = preSolution
		HideSolutionNode = FALSE
	EndGlobalSection
	GlobalSection(ExtensibilityGlobals) = postSolution
		SolutionGuid = {8AF26D78-486D-4E89-9231-CE610422F64E}
	EndGlobalSection
EndGlobal
