
Microsoft Visual Studio Solution File, Format Version 12.00
# Visual Studio Version 17
VisualStudioVersion = 17.2.32602.215
MinimumVisualStudioVersion = 10.0.40219.1
Project("{778DAE3C-4631-46EA-AA77-85C1314464D9}") = "pg152", "pg152.vbproj", "{2D4BB0CE-3A88-4B39-B78D-A94BAEAE54A8}"
EndProject
Global
	GlobalSection(SolutionConfigurationPlatforms) = preSolution
		Debug|Any CPU = Debug|Any CPU
		Release|Any CPU = Release|Any CPU
	EndGlobalSection
	GlobalSection(ProjectConfigurationPlatforms) = postSolution
		{2D4BB0CE-3A88-4B39-B78D-A94BAEAE54A8}.Debug|Any CPU.ActiveCfg = Debug|Any CPU
		{2D4BB0CE-3A88-4B39-B78D-A94BAEAE54A8}.Debug|Any CPU.Build.0 = Debug|Any CPU
		{2D4BB0CE-3A88-4B39-B78D-A94BAEAE54A8}.Release|Any CPU.ActiveCfg = Release|Any CPU
		{2D4BB0CE-3A88-4B39-B78D-A94BAEAE54A8}.Release|Any CPU.Build.0 = Release|Any CPU
	EndGlobalSection
	GlobalSection(SolutionProperties) = preSolution
		HideSolutionNode = FALSE
	EndGlobalSection
	GlobalSection(ExtensibilityGlobals) = postSolution
		SolutionGuid = {8DA25787-905F-4324-935C-ED7C9AA9D724}
	EndGlobalSection
EndGlobal
