
Microsoft Visual Studio Solution File, Format Version 12.00
# Visual Studio Version 17
VisualStudioVersion = 17.2.32630.192
MinimumVisualStudioVersion = 10.0.40219.1
Project("{778DAE3C-4631-46EA-AA77-85C1314464D9}") = "file235", "file235.vbproj", "{C94E5C9F-40F5-4AAB-A5C1-4F1BFE0E9FCD}"
EndProject
Global
	GlobalSection(SolutionConfigurationPlatforms) = preSolution
		Debug|Any CPU = Debug|Any CPU
		Release|Any CPU = Release|Any CPU
	EndGlobalSection
	GlobalSection(ProjectConfigurationPlatforms) = postSolution
		{C94E5C9F-40F5-4AAB-A5C1-4F1BFE0E9FCD}.Debug|Any CPU.ActiveCfg = Debug|Any CPU
		{C94E5C9F-40F5-4AAB-A5C1-4F1BFE0E9FCD}.Debug|Any CPU.Build.0 = Debug|Any CPU
		{C94E5C9F-40F5-4AAB-A5C1-4F1BFE0E9FCD}.Release|Any CPU.ActiveCfg = Release|Any CPU
		{C94E5C9F-40F5-4AAB-A5C1-4F1BFE0E9FCD}.Release|Any CPU.Build.0 = Release|Any CPU
	EndGlobalSection
	GlobalSection(SolutionProperties) = preSolution
		HideSolutionNode = FALSE
	EndGlobalSection
	GlobalSection(ExtensibilityGlobals) = postSolution
		SolutionGuid = {BC7ECB67-463F-495E-99D3-02AFF6412A51}
	EndGlobalSection
EndGlobal
