
Microsoft Visual Studio Solution File, Format Version 12.00
# Visual Studio Version 17
VisualStudioVersion = 17.2.32630.192
MinimumVisualStudioVersion = 10.0.40219.1
Project("{778DAE3C-4631-46EA-AA77-85C1314464D9}") = "error245", "error245.vbproj", "{EB7B35B3-9895-437E-AB50-83D76267F873}"
EndProject
Global
	GlobalSection(SolutionConfigurationPlatforms) = preSolution
		Debug|Any CPU = Debug|Any CPU
		Release|Any CPU = Release|Any CPU
	EndGlobalSection
	GlobalSection(ProjectConfigurationPlatforms) = postSolution
		{EB7B35B3-9895-437E-AB50-83D76267F873}.Debug|Any CPU.ActiveCfg = Debug|Any CPU
		{EB7B35B3-9895-437E-AB50-83D76267F873}.Debug|Any CPU.Build.0 = Debug|Any CPU
		{EB7B35B3-9895-437E-AB50-83D76267F873}.Release|Any CPU.ActiveCfg = Release|Any CPU
		{EB7B35B3-9895-437E-AB50-83D76267F873}.Release|Any CPU.Build.0 = Release|Any CPU
	EndGlobalSection
	GlobalSection(SolutionProperties) = preSolution
		HideSolutionNode = FALSE
	EndGlobalSection
	GlobalSection(ExtensibilityGlobals) = postSolution
		SolutionGuid = {C96BCAFC-874A-487A-A4B4-69F8FBF7F105}
	EndGlobalSection
EndGlobal
