
Microsoft Visual Studio Solution File, Format Version 12.00
# Visual Studio Version 17
VisualStudioVersion = 17.0.31611.283
MinimumVisualStudioVersion = 10.0.40219.1
Project("{9A19103F-16F7-4668-BE54-9A1E7A4F7556}") = "maui459", "maui459\maui459.csproj", "{0B8680C3-3005-4AA2-95A4-824A47D93552}"
EndProject
Project("{F184B08F-C81C-45F6-A57F-5ABD9991F28F}") = "MauiLib", "MauiLib\MauiLib.vbproj", "{76BCB60C-72D5-4EB6-A00F-56AE9B30E024}"
EndProject
Global
	GlobalSection(SolutionConfigurationPlatforms) = preSolution
		Debug|Any CPU = Debug|Any CPU
		Release|Any CPU = Release|Any CPU
	EndGlobalSection
	GlobalSection(ProjectConfigurationPlatforms) = postSolution
		{0B8680C3-3005-4AA2-95A4-824A47D93552}.Debug|Any CPU.ActiveCfg = Debug|Any CPU
		{0B8680C3-3005-4AA2-95A4-824A47D93552}.Debug|Any CPU.Build.0 = Debug|Any CPU
		{0B8680C3-3005-4AA2-95A4-824A47D93552}.Debug|Any CPU.Deploy.0 = Debug|Any CPU
		{0B8680C3-3005-4AA2-95A4-824A47D93552}.Release|Any CPU.ActiveCfg = Release|Any CPU
		{0B8680C3-3005-4AA2-95A4-824A47D93552}.Release|Any CPU.Build.0 = Release|Any CPU
		{0B8680C3-3005-4AA2-95A4-824A47D93552}.Release|Any CPU.Deploy.0 = Release|Any CPU
		{76BCB60C-72D5-4EB6-A00F-56AE9B30E024}.Debug|Any CPU.ActiveCfg = Debug|Any CPU
		{76BCB60C-72D5-4EB6-A00F-56AE9B30E024}.Debug|Any CPU.Build.0 = Debug|Any CPU
		{76BCB60C-72D5-4EB6-A00F-56AE9B30E024}.Release|Any CPU.ActiveCfg = Release|Any CPU
		{76BCB60C-72D5-4EB6-A00F-56AE9B30E024}.Release|Any CPU.Build.0 = Release|Any CPU
	EndGlobalSection
	GlobalSection(SolutionProperties) = preSolution
		HideSolutionNode = FALSE
	EndGlobalSection
	GlobalSection(ExtensibilityGlobals) = postSolution
		SolutionGuid = {61F7FB11-1E47-470C-91E2-47F8143E1572}
	EndGlobalSection
EndGlobal
