
Microsoft Visual Studio Solution File, Format Version 12.00
# Visual Studio Version 17
VisualStudioVersion = 17.2.32602.215
MinimumVisualStudioVersion = 10.0.40219.1
Project("{778DAE3C-4631-46EA-AA77-85C1314464D9}") = "string214", "string214.vbproj", "{2217BE4D-22B4-4821-A803-420CB933CECE}"
EndProject
Global
	GlobalSection(SolutionConfigurationPlatforms) = preSolution
		Debug|Any CPU = Debug|Any CPU
		Release|Any CPU = Release|Any CPU
	EndGlobalSection
	GlobalSection(ProjectConfigurationPlatforms) = postSolution
		{2217BE4D-22B4-4821-A803-420CB933CECE}.Debug|Any CPU.ActiveCfg = Debug|Any CPU
		{2217BE4D-22B4-4821-A803-420CB933CECE}.Debug|Any CPU.Build.0 = Debug|Any CPU
		{2217BE4D-22B4-4821-A803-420CB933CECE}.Release|Any CPU.ActiveCfg = Release|Any CPU
		{2217BE4D-22B4-4821-A803-420CB933CECE}.Release|Any CPU.Build.0 = Release|Any CPU
	EndGlobalSection
	GlobalSection(SolutionProperties) = preSolution
		HideSolutionNode = FALSE
	EndGlobalSection
	GlobalSection(ExtensibilityGlobals) = postSolution
		SolutionGuid = {C34A0783-95AF-41BD-A303-C8A4AE4BBDB2}
	EndGlobalSection
EndGlobal
