
Microsoft Visual Studio Solution File, Format Version 12.00
# Visual Studio Version 17
VisualStudioVersion = 17.3.32929.385
MinimumVisualStudioVersion = 10.0.40219.1
Project("{F184B08F-C81C-45F6-A57F-5ABD9991F28F}") = "excel484", "excel484.vbproj", "{E46A3A9C-ADB2-4871-81EA-CD5B8091AE07}"
EndProject
Global
	GlobalSection(SolutionConfigurationPlatforms) = preSolution
		Debug|Any CPU = Debug|Any CPU
		Release|Any CPU = Release|Any CPU
	EndGlobalSection
	GlobalSection(ProjectConfigurationPlatforms) = postSolution
		{E46A3A9C-ADB2-4871-81EA-CD5B8091AE07}.Debug|Any CPU.ActiveCfg = Debug|Any CPU
		{E46A3A9C-ADB2-4871-81EA-CD5B8091AE07}.Debug|Any CPU.Build.0 = Debug|Any CPU
		{E46A3A9C-ADB2-4871-81EA-CD5B8091AE07}.Release|Any CPU.ActiveCfg = Release|Any CPU
		{E46A3A9C-ADB2-4871-81EA-CD5B8091AE07}.Release|Any CPU.Build.0 = Release|Any CPU
	EndGlobalSection
	GlobalSection(SolutionProperties) = preSolution
		HideSolutionNode = FALSE
	EndGlobalSection
	GlobalSection(ExtensibilityGlobals) = postSolution
		SolutionGuid = {875E8524-E159-4A2B-B587-0B4DBF7DB6E5}
	EndGlobalSection
EndGlobal
