
Microsoft Visual Studio Solution File, Format Version 12.00
# Visual Studio Version 17
VisualStudioVersion = 17.2.32602.215
MinimumVisualStudioVersion = 10.0.40219.1
Project("{778DAE3C-4631-46EA-AA77-85C1314464D9}") = "file219", "file219.vbproj", "{BF905FB7-794C-44A1-A34C-0292CE25C964}"
EndProject
Global
	GlobalSection(SolutionConfigurationPlatforms) = preSolution
		Debug|Any CPU = Debug|Any CPU
		Release|Any CPU = Release|Any CPU
	EndGlobalSection
	GlobalSection(ProjectConfigurationPlatforms) = postSolution
		{BF905FB7-794C-44A1-A34C-0292CE25C964}.Debug|Any CPU.ActiveCfg = Debug|Any CPU
		{BF905FB7-794C-44A1-A34C-0292CE25C964}.Debug|Any CPU.Build.0 = Debug|Any CPU
		{BF905FB7-794C-44A1-A34C-0292CE25C964}.Release|Any CPU.ActiveCfg = Release|Any CPU
		{BF905FB7-794C-44A1-A34C-0292CE25C964}.Release|Any CPU.Build.0 = Release|Any CPU
	EndGlobalSection
	GlobalSection(SolutionProperties) = preSolution
		HideSolutionNode = FALSE
	EndGlobalSection
	GlobalSection(ExtensibilityGlobals) = postSolution
		SolutionGuid = {0C0B68F9-AEC3-42D8-AE05-E7AFA72F2571}
	EndGlobalSection
EndGlobal
