
Microsoft Visual Studio Solution File, Format Version 12.00
# Visual Studio Version 17
VisualStudioVersion = 17.3.32819.101
MinimumVisualStudioVersion = 10.0.40219.1
Project("{F184B08F-C81C-45F6-A57F-5ABD9991F28F}") = "web399", "web399.vbproj", "{0B9C1CF2-E339-4F8B-A2BE-F8EDE5C3A19D}"
EndProject
Global
	GlobalSection(SolutionConfigurationPlatforms) = preSolution
		Debug|Any CPU = Debug|Any CPU
		Release|Any CPU = Release|Any CPU
	EndGlobalSection
	GlobalSection(ProjectConfigurationPlatforms) = postSolution
		{0B9C1CF2-E339-4F8B-A2BE-F8EDE5C3A19D}.Debug|Any CPU.ActiveCfg = Debug|Any CPU
		{0B9C1CF2-E339-4F8B-A2BE-F8EDE5C3A19D}.Debug|Any CPU.Build.0 = Debug|Any CPU
		{0B9C1CF2-E339-4F8B-A2BE-F8EDE5C3A19D}.Release|Any CPU.ActiveCfg = Release|Any CPU
		{0B9C1CF2-E339-4F8B-A2BE-F8EDE5C3A19D}.Release|Any CPU.Build.0 = Release|Any CPU
	EndGlobalSection
	GlobalSection(SolutionProperties) = preSolution
		HideSolutionNode = FALSE
	EndGlobalSection
	GlobalSection(ExtensibilityGlobals) = postSolution
		SolutionGuid = {6CA00445-1087-46EB-A161-1ADB5889D178}
	EndGlobalSection
EndGlobal
