
Microsoft Visual Studio Solution File, Format Version 12.00
# Visual Studio Version 17
VisualStudioVersion = 17.3.32819.101
MinimumVisualStudioVersion = 10.0.40219.1
Project("{778DAE3C-4631-46EA-AA77-85C1314464D9}") = "ref447", "ref447.vbproj", "{1B380C09-28DA-4154-80B4-923D99359516}"
EndProject
Global
	GlobalSection(SolutionConfigurationPlatforms) = preSolution
		Debug|Any CPU = Debug|Any CPU
		Release|Any CPU = Release|Any CPU
	EndGlobalSection
	GlobalSection(ProjectConfigurationPlatforms) = postSolution
		{1B380C09-28DA-4154-80B4-923D99359516}.Debug|Any CPU.ActiveCfg = Debug|Any CPU
		{1B380C09-28DA-4154-80B4-923D99359516}.Debug|Any CPU.Build.0 = Debug|Any CPU
		{1B380C09-28DA-4154-80B4-923D99359516}.Release|Any CPU.ActiveCfg = Release|Any CPU
		{1B380C09-28DA-4154-80B4-923D99359516}.Release|Any CPU.Build.0 = Release|Any CPU
	EndGlobalSection
	GlobalSection(SolutionProperties) = preSolution
		HideSolutionNode = FALSE
	EndGlobalSection
	GlobalSection(ExtensibilityGlobals) = postSolution
		SolutionGuid = {ED810351-F971-4466-B59C-90D3B2A6BAE2}
	EndGlobalSection
EndGlobal
