
Microsoft Visual Studio Solution File, Format Version 12.00
# Visual Studio Version 17
VisualStudioVersion = 17.2.32602.215
MinimumVisualStudioVersion = 10.0.40219.1
Project("{778DAE3C-4631-46EA-AA77-85C1314464D9}") = "pg195", "pg195.vbproj", "{A598B0C5-AF9B-493A-B339-CDB769C1EB03}"
EndProject
Global
	GlobalSection(SolutionConfigurationPlatforms) = preSolution
		Debug|Any CPU = Debug|Any CPU
		Release|Any CPU = Release|Any CPU
	EndGlobalSection
	GlobalSection(ProjectConfigurationPlatforms) = postSolution
		{A598B0C5-AF9B-493A-B339-CDB769C1EB03}.Debug|Any CPU.ActiveCfg = Debug|Any CPU
		{A598B0C5-AF9B-493A-B339-CDB769C1EB03}.Debug|Any CPU.Build.0 = Debug|Any CPU
		{A598B0C5-AF9B-493A-B339-CDB769C1EB03}.Release|Any CPU.ActiveCfg = Release|Any CPU
		{A598B0C5-AF9B-493A-B339-CDB769C1EB03}.Release|Any CPU.Build.0 = Release|Any CPU
	EndGlobalSection
	GlobalSection(SolutionProperties) = preSolution
		HideSolutionNode = FALSE
	EndGlobalSection
	GlobalSection(ExtensibilityGlobals) = postSolution
		SolutionGuid = {93B92D2D-60B2-4A6C-A1C1-EC243C519F39}
	EndGlobalSection
EndGlobal
