
Microsoft Visual Studio Solution File, Format Version 12.00
# Visual Studio Version 17
VisualStudioVersion = 17.2.32602.215
MinimumVisualStudioVersion = 10.0.40219.1
Project("{778DAE3C-4631-46EA-AA77-85C1314464D9}") = "pg124", "pg124.vbproj", "{6BD54E08-BDD5-48E7-A4AF-289F4F30A34E}"
EndProject
Global
	GlobalSection(SolutionConfigurationPlatforms) = preSolution
		Debug|Any CPU = Debug|Any CPU
		Release|Any CPU = Release|Any CPU
	EndGlobalSection
	GlobalSection(ProjectConfigurationPlatforms) = postSolution
		{6BD54E08-BDD5-48E7-A4AF-289F4F30A34E}.Debug|Any CPU.ActiveCfg = Debug|Any CPU
		{6BD54E08-BDD5-48E7-A4AF-289F4F30A34E}.Debug|Any CPU.Build.0 = Debug|Any CPU
		{6BD54E08-BDD5-48E7-A4AF-289F4F30A34E}.Release|Any CPU.ActiveCfg = Release|Any CPU
		{6BD54E08-BDD5-48E7-A4AF-289F4F30A34E}.Release|Any CPU.Build.0 = Release|Any CPU
	EndGlobalSection
	GlobalSection(SolutionProperties) = preSolution
		HideSolutionNode = FALSE
	EndGlobalSection
	GlobalSection(ExtensibilityGlobals) = postSolution
		SolutionGuid = {290FE475-3C2A-4DA0-9535-90B977740877}
	EndGlobalSection
EndGlobal
