
Microsoft Visual Studio Solution File, Format Version 12.00
# Visual Studio Version 17
VisualStudioVersion = 17.2.32602.215
MinimumVisualStudioVersion = 10.0.40219.1
Project("{778DAE3C-4631-46EA-AA77-85C1314464D9}") = "kiso016", "kiso016.vbproj", "{A8018FC0-C67C-4DC8-AB39-5324DD26EE2E}"
EndProject
Global
	GlobalSection(SolutionConfigurationPlatforms) = preSolution
		Debug|Any CPU = Debug|Any CPU
		Release|Any CPU = Release|Any CPU
	EndGlobalSection
	GlobalSection(ProjectConfigurationPlatforms) = postSolution
		{A8018FC0-C67C-4DC8-AB39-5324DD26EE2E}.Debug|Any CPU.ActiveCfg = Debug|Any CPU
		{A8018FC0-C67C-4DC8-AB39-5324DD26EE2E}.Debug|Any CPU.Build.0 = Debug|Any CPU
		{A8018FC0-C67C-4DC8-AB39-5324DD26EE2E}.Release|Any CPU.ActiveCfg = Release|Any CPU
		{A8018FC0-C67C-4DC8-AB39-5324DD26EE2E}.Release|Any CPU.Build.0 = Release|Any CPU
	EndGlobalSection
	GlobalSection(SolutionProperties) = preSolution
		HideSolutionNode = FALSE
	EndGlobalSection
	GlobalSection(ExtensibilityGlobals) = postSolution
		SolutionGuid = {32BA48EF-1ED1-4B3F-9F2E-7591EBAAA75F}
	EndGlobalSection
EndGlobal
