
Microsoft Visual Studio Solution File, Format Version 12.00
# Visual Studio Version 17
VisualStudioVersion = 17.2.32602.215
MinimumVisualStudioVersion = 10.0.40219.1
Project("{778DAE3C-4631-46EA-AA77-85C1314464D9}") = "pg101", "pg101.vbproj", "{037A08E8-84A6-4EE0-B086-D649704255B9}"
EndProject
Global
	GlobalSection(SolutionConfigurationPlatforms) = preSolution
		Debug|Any CPU = Debug|Any CPU
		Release|Any CPU = Release|Any CPU
	EndGlobalSection
	GlobalSection(ProjectConfigurationPlatforms) = postSolution
		{037A08E8-84A6-4EE0-B086-D649704255B9}.Debug|Any CPU.ActiveCfg = Debug|Any CPU
		{037A08E8-84A6-4EE0-B086-D649704255B9}.Debug|Any CPU.Build.0 = Debug|Any CPU
		{037A08E8-84A6-4EE0-B086-D649704255B9}.Release|Any CPU.ActiveCfg = Release|Any CPU
		{037A08E8-84A6-4EE0-B086-D649704255B9}.Release|Any CPU.Build.0 = Release|Any CPU
	EndGlobalSection
	GlobalSection(SolutionProperties) = preSolution
		HideSolutionNode = FALSE
	EndGlobalSection
	GlobalSection(ExtensibilityGlobals) = postSolution
		SolutionGuid = {B571C93F-FCA0-4ADB-9FD8-EA75C55C0B36}
	EndGlobalSection
EndGlobal
