
Microsoft Visual Studio Solution File, Format Version 12.00
# Visual Studio Version 17
VisualStudioVersion = 17.3.32819.101
MinimumVisualStudioVersion = 10.0.40219.1
Project("{778DAE3C-4631-46EA-AA77-85C1314464D9}") = "app438", "app438.vbproj", "{2F5AB7B1-F36B-43CB-999A-2FE8C3E2B77F}"
EndProject
Global
	GlobalSection(SolutionConfigurationPlatforms) = preSolution
		Debug|Any CPU = Debug|Any CPU
		Release|Any CPU = Release|Any CPU
	EndGlobalSection
	GlobalSection(ProjectConfigurationPlatforms) = postSolution
		{2F5AB7B1-F36B-43CB-999A-2FE8C3E2B77F}.Debug|Any CPU.ActiveCfg = Debug|Any CPU
		{2F5AB7B1-F36B-43CB-999A-2FE8C3E2B77F}.Debug|Any CPU.Build.0 = Debug|Any CPU
		{2F5AB7B1-F36B-43CB-999A-2FE8C3E2B77F}.Release|Any CPU.ActiveCfg = Release|Any CPU
		{2F5AB7B1-F36B-43CB-999A-2FE8C3E2B77F}.Release|Any CPU.Build.0 = Release|Any CPU
	EndGlobalSection
	GlobalSection(SolutionProperties) = preSolution
		HideSolutionNode = FALSE
	EndGlobalSection
	GlobalSection(ExtensibilityGlobals) = postSolution
		SolutionGuid = {DE56FD3D-CDBA-4565-9071-8F39AFB810CD}
	EndGlobalSection
EndGlobal
