
Microsoft Visual Studio Solution File, Format Version 12.00
# Visual Studio Version 17
VisualStudioVersion = 17.2.32630.192
MinimumVisualStudioVersion = 10.0.40219.1
Project("{778DAE3C-4631-46EA-AA77-85C1314464D9}") = "graph283", "graph283.vbproj", "{C0F6E441-13B2-4E73-8650-05F923AA1559}"
EndProject
Global
	GlobalSection(SolutionConfigurationPlatforms) = preSolution
		Debug|Any CPU = Debug|Any CPU
		Release|Any CPU = Release|Any CPU
	EndGlobalSection
	GlobalSection(ProjectConfigurationPlatforms) = postSolution
		{C0F6E441-13B2-4E73-8650-05F923AA1559}.Debug|Any CPU.ActiveCfg = Debug|Any CPU
		{C0F6E441-13B2-4E73-8650-05F923AA1559}.Debug|Any CPU.Build.0 = Debug|Any CPU
		{C0F6E441-13B2-4E73-8650-05F923AA1559}.Release|Any CPU.ActiveCfg = Release|Any CPU
		{C0F6E441-13B2-4E73-8650-05F923AA1559}.Release|Any CPU.Build.0 = Release|Any CPU
	EndGlobalSection
	GlobalSection(SolutionProperties) = preSolution
		HideSolutionNode = FALSE
	EndGlobalSection
	GlobalSection(ExtensibilityGlobals) = postSolution
		SolutionGuid = {952D7DFA-36DB-4923-A3DF-0B1080CFCF13}
	EndGlobalSection
EndGlobal
