
Microsoft Visual Studio Solution File, Format Version 12.00
# Visual Studio Version 17
VisualStudioVersion = 17.0.31611.283
MinimumVisualStudioVersion = 10.0.40219.1
Project("{9A19103F-16F7-4668-BE54-9A1E7A4F7556}") = "mauivb", "mauivb.csproj", "{05EFB157-CF57-4FFD-8B7F-E72158C7278B}"
EndProject
Project("{778DAE3C-4631-46EA-AA77-85C1314464D9}") = "mauilib", "..\mauilib\mauilib.vbproj", "{BD066519-BE6E-492B-B36A-5F92ED30559B}"
EndProject
Project("{FAE04EC0-301F-11D3-BF4B-00C04F79EFBC}") = "mauicsharplib", "..\mauicsharplib\mauicsharplib.csproj", "{073E22A5-7A12-4DAE-BB25-7A5FCAC49717}"
EndProject
Global
	GlobalSection(SolutionConfigurationPlatforms) = preSolution
		Debug|Any CPU = Debug|Any CPU
		Release|Any CPU = Release|Any CPU
	EndGlobalSection
	GlobalSection(ProjectConfigurationPlatforms) = postSolution
		{05EFB157-CF57-4FFD-8B7F-E72158C7278B}.Debug|Any CPU.ActiveCfg = Debug|Any CPU
		{05EFB157-CF57-4FFD-8B7F-E72158C7278B}.Debug|Any CPU.Build.0 = Debug|Any CPU
		{05EFB157-CF57-4FFD-8B7F-E72158C7278B}.Debug|Any CPU.Deploy.0 = Debug|Any CPU
		{05EFB157-CF57-4FFD-8B7F-E72158C7278B}.Release|Any CPU.ActiveCfg = Release|Any CPU
		{05EFB157-CF57-4FFD-8B7F-E72158C7278B}.Release|Any CPU.Build.0 = Release|Any CPU
		{05EFB157-CF57-4FFD-8B7F-E72158C7278B}.Release|Any CPU.Deploy.0 = Release|Any CPU
		{BD066519-BE6E-492B-B36A-5F92ED30559B}.Debug|Any CPU.ActiveCfg = Debug|Any CPU
		{BD066519-BE6E-492B-B36A-5F92ED30559B}.Debug|Any CPU.Build.0 = Debug|Any CPU
		{BD066519-BE6E-492B-B36A-5F92ED30559B}.Release|Any CPU.ActiveCfg = Release|Any CPU
		{BD066519-BE6E-492B-B36A-5F92ED30559B}.Release|Any CPU.Build.0 = Release|Any CPU
		{073E22A5-7A12-4DAE-BB25-7A5FCAC49717}.Debug|Any CPU.ActiveCfg = Debug|Any CPU
		{073E22A5-7A12-4DAE-BB25-7A5FCAC49717}.Debug|Any CPU.Build.0 = Debug|Any CPU
		{073E22A5-7A12-4DAE-BB25-7A5FCAC49717}.Release|Any CPU.ActiveCfg = Release|Any CPU
		{073E22A5-7A12-4DAE-BB25-7A5FCAC49717}.Release|Any CPU.Build.0 = Release|Any CPU
	EndGlobalSection
	GlobalSection(SolutionProperties) = preSolution
		HideSolutionNode = FALSE
	EndGlobalSection
	GlobalSection(ExtensibilityGlobals) = postSolution
		SolutionGuid = {61F7FB11-1E47-470C-91E2-47F8143E1572}
	EndGlobalSection
EndGlobal
