
Microsoft Visual Studio Solution File, Format Version 12.00
# Visual Studio Version 17
VisualStudioVersion = 17.2.32602.215
MinimumVisualStudioVersion = 10.0.40219.1
Project("{778DAE3C-4631-46EA-AA77-85C1314464D9}") = "pg123", "pg123.vbproj", "{409D677E-FA17-494B-999E-A7E185EBB924}"
EndProject
Global
	GlobalSection(SolutionConfigurationPlatforms) = preSolution
		Debug|Any CPU = Debug|Any CPU
		Release|Any CPU = Release|Any CPU
	EndGlobalSection
	GlobalSection(ProjectConfigurationPlatforms) = postSolution
		{409D677E-FA17-494B-999E-A7E185EBB924}.Debug|Any CPU.ActiveCfg = Debug|Any CPU
		{409D677E-FA17-494B-999E-A7E185EBB924}.Debug|Any CPU.Build.0 = Debug|Any CPU
		{409D677E-FA17-494B-999E-A7E185EBB924}.Release|Any CPU.ActiveCfg = Release|Any CPU
		{409D677E-FA17-494B-999E-A7E185EBB924}.Release|Any CPU.Build.0 = Release|Any CPU
	EndGlobalSection
	GlobalSection(SolutionProperties) = preSolution
		HideSolutionNode = FALSE
	EndGlobalSection
	GlobalSection(ExtensibilityGlobals) = postSolution
		SolutionGuid = {773F7F50-83D8-4F67-AFFE-8719A76ADBE3}
	EndGlobalSection
EndGlobal
