
Microsoft Visual Studio Solution File, Format Version 12.00
# Visual Studio Version 17
VisualStudioVersion = 17.2.32602.215
MinimumVisualStudioVersion = 10.0.40219.1
Project("{778DAE3C-4631-46EA-AA77-85C1314464D9}") = "ui084", "ui084.vbproj", "{FBA5E261-7DAA-4368-B047-0B36C488D3E3}"
EndProject
Global
	GlobalSection(SolutionConfigurationPlatforms) = preSolution
		Debug|Any CPU = Debug|Any CPU
		Release|Any CPU = Release|Any CPU
	EndGlobalSection
	GlobalSection(ProjectConfigurationPlatforms) = postSolution
		{FBA5E261-7DAA-4368-B047-0B36C488D3E3}.Debug|Any CPU.ActiveCfg = Debug|Any CPU
		{FBA5E261-7DAA-4368-B047-0B36C488D3E3}.Debug|Any CPU.Build.0 = Debug|Any CPU
		{FBA5E261-7DAA-4368-B047-0B36C488D3E3}.Release|Any CPU.ActiveCfg = Release|Any CPU
		{FBA5E261-7DAA-4368-B047-0B36C488D3E3}.Release|Any CPU.Build.0 = Release|Any CPU
	EndGlobalSection
	GlobalSection(SolutionProperties) = preSolution
		HideSolutionNode = FALSE
	EndGlobalSection
	GlobalSection(ExtensibilityGlobals) = postSolution
		SolutionGuid = {CEBFE9AC-4898-4940-A0CA-CB9B62FCE414}
	EndGlobalSection
EndGlobal
