
Microsoft Visual Studio Solution File, Format Version 12.00
# Visual Studio Version 17
VisualStudioVersion = 17.3.32804.467
MinimumVisualStudioVersion = 10.0.40219.1
Project("{778DAE3C-4631-46EA-AA77-85C1314464D9}") = "db337", "db337.vbproj", "{04DFBF11-623F-4C66-907A-818B6C68E282}"
EndProject
Global
	GlobalSection(SolutionConfigurationPlatforms) = preSolution
		Debug|Any CPU = Debug|Any CPU
		Release|Any CPU = Release|Any CPU
	EndGlobalSection
	GlobalSection(ProjectConfigurationPlatforms) = postSolution
		{04DFBF11-623F-4C66-907A-818B6C68E282}.Debug|Any CPU.ActiveCfg = Debug|Any CPU
		{04DFBF11-623F-4C66-907A-818B6C68E282}.Debug|Any CPU.Build.0 = Debug|Any CPU
		{04DFBF11-623F-4C66-907A-818B6C68E282}.Release|Any CPU.ActiveCfg = Release|Any CPU
		{04DFBF11-623F-4C66-907A-818B6C68E282}.Release|Any CPU.Build.0 = Release|Any CPU
	EndGlobalSection
	GlobalSection(SolutionProperties) = preSolution
		HideSolutionNode = FALSE
	EndGlobalSection
	GlobalSection(ExtensibilityGlobals) = postSolution
		SolutionGuid = {A43FED56-D7BB-4645-95A6-3B650A900E3B}
	EndGlobalSection
EndGlobal
