
Microsoft Visual Studio Solution File, Format Version 12.00
# Visual Studio Version 17
VisualStudioVersion = 17.2.32630.192
MinimumVisualStudioVersion = 10.0.40219.1
Project("{778DAE3C-4631-46EA-AA77-85C1314464D9}") = "error240", "error240.vbproj", "{A4EDF183-18B4-43B6-95E1-AFB53DFB6375}"
EndProject
Global
	GlobalSection(SolutionConfigurationPlatforms) = preSolution
		Debug|Any CPU = Debug|Any CPU
		Release|Any CPU = Release|Any CPU
	EndGlobalSection
	GlobalSection(ProjectConfigurationPlatforms) = postSolution
		{A4EDF183-18B4-43B6-95E1-AFB53DFB6375}.Debug|Any CPU.ActiveCfg = Debug|Any CPU
		{A4EDF183-18B4-43B6-95E1-AFB53DFB6375}.Debug|Any CPU.Build.0 = Debug|Any CPU
		{A4EDF183-18B4-43B6-95E1-AFB53DFB6375}.Release|Any CPU.ActiveCfg = Release|Any CPU
		{A4EDF183-18B4-43B6-95E1-AFB53DFB6375}.Release|Any CPU.Build.0 = Release|Any CPU
	EndGlobalSection
	GlobalSection(SolutionProperties) = preSolution
		HideSolutionNode = FALSE
	EndGlobalSection
	GlobalSection(ExtensibilityGlobals) = postSolution
		SolutionGuid = {47F186F3-F932-496D-B25C-FDF49AD2D8DF}
	EndGlobalSection
EndGlobal
