
Microsoft Visual Studio Solution File, Format Version 12.00
# Visual Studio Version 17
VisualStudioVersion = 17.3.32804.467
MinimumVisualStudioVersion = 10.0.40219.1
Project("{778DAE3C-4631-46EA-AA77-85C1314464D9}") = "wpf298", "wpf298.vbproj", "{E0C8291D-9F96-44F2-A6B4-D1F0FB573AC5}"
EndProject
Global
	GlobalSection(SolutionConfigurationPlatforms) = preSolution
		Debug|Any CPU = Debug|Any CPU
		Release|Any CPU = Release|Any CPU
	EndGlobalSection
	GlobalSection(ProjectConfigurationPlatforms) = postSolution
		{E0C8291D-9F96-44F2-A6B4-D1F0FB573AC5}.Debug|Any CPU.ActiveCfg = Debug|Any CPU
		{E0C8291D-9F96-44F2-A6B4-D1F0FB573AC5}.Debug|Any CPU.Build.0 = Debug|Any CPU
		{E0C8291D-9F96-44F2-A6B4-D1F0FB573AC5}.Release|Any CPU.ActiveCfg = Release|Any CPU
		{E0C8291D-9F96-44F2-A6B4-D1F0FB573AC5}.Release|Any CPU.Build.0 = Release|Any CPU
	EndGlobalSection
	GlobalSection(SolutionProperties) = preSolution
		HideSolutionNode = FALSE
	EndGlobalSection
	GlobalSection(ExtensibilityGlobals) = postSolution
		SolutionGuid = {D364DA7D-3852-4953-A37A-E5A1C3F284B4}
	EndGlobalSection
EndGlobal
